
Microsoft Visual Studio Solution File, Format Version 12.00
# Visual Studio Version 17
VisualStudioVersion = 17.9.34616.47
MinimumVisualStudioVersion = 10.0.40219.1
Project("{9A19103F-16F7-4668-BE54-9A1E7A4F7556}") = "ezbooking", "ezbooking.csproj", "{AEA92CAC-9014-411B-81FB-E2D013A71C4D}"
EndProject
Global
	GlobalSection(SolutionConfigurationPlatforms) = preSolution
		Debug|Any CPU = Debug|Any CPU
		Release|Any CPU = Release|Any CPU
	EndGlobalSection
	GlobalSection(ProjectConfigurationPlatforms) = postSolution
		{AEA92CAC-9014-411B-81FB-E2D013A71C4D}.Debug|Any CPU.ActiveCfg = Debug|Any CPU
		{AEA92CAC-9014-411B-81FB-E2D013A71C4D}.Debug|Any CPU.Build.0 = Debug|Any CPU
		{AEA92CAC-9014-411B-81FB-E2D013A71C4D}.Release|Any CPU.ActiveCfg = Release|Any CPU
		{AEA92CAC-9014-411B-81FB-E2D013A71C4D}.Release|Any CPU.Build.0 = Release|Any CPU
	EndGlobalSection
	GlobalSection(SolutionProperties) = preSolution
		HideSolutionNode = FALSE
	EndGlobalSection
	GlobalSection(ExtensibilityGlobals) = postSolution
		SolutionGuid = {CB09BD08-5682-4471-B92B-2A4A341C0374}
	EndGlobalSection
EndGlobal
